
Microsoft Visual Studio Solution File, Format Version 12.00
# Visual Studio Version 16
VisualStudioVersion = 16.0.29411.108
MinimumVisualStudioVersion = 10.0.40219.1
Project("{FAE04EC0-301F-11D3-BF4B-00C04F79EFBC}") = "RosterList", "RosterList\RosterList.csproj", "{BB1B201F-DEAE-4F30-8C68-B25F6D13364D}"
EndProject
Global
	GlobalSection(SolutionConfigurationPlatforms) = preSolution
		Debug|Any CPU = Debug|Any CPU
		Release|Any CPU = Release|Any CPU
	EndGlobalSection
	GlobalSection(ProjectConfigurationPlatforms) = postSolution
		{BB1B201F-DEAE-4F30-8C68-B25F6D13364D}.Debug|Any CPU.ActiveCfg = Debug|Any CPU
		{BB1B201F-DEAE-4F30-8C68-B25F6D13364D}.Debug|Any CPU.Build.0 = Debug|Any CPU
		{BB1B201F-DEAE-4F30-8C68-B25F6D13364D}.Release|Any CPU.ActiveCfg = Release|Any CPU
		{BB1B201F-DEAE-4F30-8C68-B25F6D13364D}.Release|Any CPU.Build.0 = Release|Any CPU
	EndGlobalSection
	GlobalSection(SolutionProperties) = preSolution
		HideSolutionNode = FALSE
	EndGlobalSection
	GlobalSection(ExtensibilityGlobals) = postSolution
		SolutionGuid = {B194AD23-5C9F-4F8E-8563-B10EE61B4C9E}
	EndGlobalSection
EndGlobal
